
Microsoft Visual Studio Solution File, Format Version 12.00
# Visual Studio 15
VisualStudioVersion = 15.0.27428.2005
MinimumVisualStudioVersion = 10.0.40219.1
Project("{FAE04EC0-301F-11D3-BF4B-00C04F79EFBC}") = "InventoryManagement", "InventoryManagement\InventoryManagement.csproj", "{28FED298-CDCF-4D75-81A0-2A5D4AB2B210}"
EndProject
Global
	GlobalSection(SolutionConfigurationPlatforms) = preSolution
		Debug|Any CPU = Debug|Any CPU
		Release|Any CPU = Release|Any CPU
	EndGlobalSection
	GlobalSection(ProjectConfigurationPlatforms) = postSolution
		{28FED298-CDCF-4D75-81A0-2A5D4AB2B210}.Debug|Any CPU.ActiveCfg = Debug|Any CPU
		{28FED298-CDCF-4D75-81A0-2A5D4AB2B210}.Debug|Any CPU.Build.0 = Debug|Any CPU
		{28FED298-CDCF-4D75-81A0-2A5D4AB2B210}.Release|Any CPU.ActiveCfg = Release|Any CPU
		{28FED298-CDCF-4D75-81A0-2A5D4AB2B210}.Release|Any CPU.Build.0 = Release|Any CPU
	EndGlobalSection
	GlobalSection(SolutionProperties) = preSolution
		HideSolutionNode = FALSE
	EndGlobalSection
	GlobalSection(ExtensibilityGlobals) = postSolution
		SolutionGuid = {FB621DE0-A1F9-43CA-A1DE-888AE0978467}
	EndGlobalSection
EndGlobal
